// !$*UTF8*$!
{
	archiveVersion = 1;
	classes = {
	};
	objectVersion = 55;
	objects = {

/* Begin PBXBuildFile section */
		DEF3CA64282683D50050081C /* AppDelegate.swift in Sources */ = {isa = PBXBuildFile; fileRef = DEF3CA63282683D50050081C /* AppDelegate.swift */; };
		DEF3CA66282683D50050081C /* SceneDelegate.swift in Sources */ = {isa = PBXBuildFile; fileRef = DEF3CA65282683D50050081C /* SceneDelegate.swift */; };
		DEF3CA68282683D50050081C /* ViewController.swift in Sources */ = {isa = PBXBuildFile; fileRef = DEF3CA67282683D50050081C /* ViewController.swift */; };
		DEF3CA6B282683D50050081C /* Main.storyboard in Resources */ = {isa = PBXBuildFile; fileRef = DEF3CA69282683D50050081C /* Main.storyboard */; };
		DEF3CA6D282683D60050081C /* Assets.xcassets in Resources */ = {isa = PBXBuildFile; fileRef = DEF3CA6C282683D60050081C /* Assets.xcassets */; };
		DEF3CA70282683D60050081C /* LaunchScreen.storyboard in Resources */ = {isa = PBXBuildFile; fileRef = DEF3CA6E282683D60050081C /* LaunchScreen.storyboard */; };
		DEF3CA7B282683D60050081C /* MapKitFrameworkTests.swift in Sources */ = {isa = PBXBuildFile; fileRef = DEF3CA7A282683D60050081C /* MapKitFrameworkTests.swift */; };
		DEF3CA85282683D60050081C /* MapKitFrameworkUITests.swift in Sources */ = {isa = PBXBuildFile; fileRef = DEF3CA84282683D60050081C /* MapKitFrameworkUITests.swift */; };
		DEF3CA87282683D60050081C /* MapKitFrameworkUITestsLaunchTests.swift in Sources */ = {isa = PBXBuildFile; fileRef = DEF3CA86282683D60050081C /* MapKitFrameworkUITestsLaunchTests.swift */; };
		DEF3CA952826840A0050081C /* MapKit.framework in Frameworks */ = {isa = PBXBuildFile; fileRef = DEF3CA942826840A0050081C /* MapKit.framework */; };
/* End PBXBuildFile section */

/* Begin PBXContainerItemProxy section */
		DEF3CA77282683D60050081C /* PBXContainerItemProxy */ = {
			isa = PBXContainerItemProxy;
			containerPortal = DEF3CA58282683D50050081C /* Project object */;
			proxyType = 1;
			remoteGlobalIDString = DEF3CA5F282683D50050081C;
			remoteInfo = MapKitFramework;
		};
		DEF3CA81282683D60050081C /* PBXContainerItemProxy */ = {
			isa = PBXContainerItemProxy;
			containerPortal = DEF3CA58282683D50050081C /* Project object */;
			proxyType = 1;
			remoteGlobalIDString = DEF3CA5F282683D50050081C;
			remoteInfo = MapKitFramework;
		};
/* End PBXContainerItemProxy section */

/* Begin PBXFileReference section */
		DEF3CA60282683D50050081C /* MapKitFramework.app */ = {isa = PBXFileReference; explicitFileType = wrapper.application; includeInIndex = 0; path = MapKitFramework.app; sourceTree = BUILT_PRODUCTS_DIR; };
		DEF3CA63282683D50050081C /* AppDelegate.swift */ = {isa = PBXFileReference; lastKnownFileType = sourcecode.swift; path = AppDelegate.swift; sourceTree = "<group>"; };
		DEF3CA65282683D50050081C /* SceneDelegate.swift */ = {isa = PBXFileReference; lastKnownFileType = sourcecode.swift; path = SceneDelegate.swift; sourceTree = "<group>"; };
		DEF3CA67282683D50050081C /* ViewController.swift */ = {isa = PBXFileReference; lastKnownFileType = sourcecode.swift; path = ViewController.swift; sourceTree = "<group>"; };
		DEF3CA6A282683D50050081C /* Base */ = {isa = PBXFileReference; lastKnownFileType = file.storyboard; name = Base; path = Base.lproj/Main.storyboard; sourceTree = "<group>"; };
		DEF3CA6C282683D60050081C /* Assets.xcassets */ = {isa = PBXFileReference; lastKnownFileType = folder.assetcatalog; path = Assets.xcassets; sourceTree = "<group>"; };
		DEF3CA6F282683D60050081C /* Base */ = {isa = PBXFileReference; lastKnownFileType = file.storyboard; name = Base; path = Base.lproj/LaunchScreen.storyboard; sourceTree = "<group>"; };
		DEF3CA71282683D60050081C /* Info.plist */ = {isa = PBXFileReference; lastKnownFileType = text.plist.xml; path = Info.plist; sourceTree = "<group>"; };
		DEF3CA76282683D60050081C /* MapKitFrameworkTests.xctest */ = {isa = PBXFileReference; explicitFileType = wrapper.cfbundle; includeInIndex = 0; path = MapKitFrameworkTests.xctest; sourceTree = BUILT_PRODUCTS_DIR; };
		DEF3CA7A282683D60050081C /* MapKitFrameworkTests.swift */ = {isa = PBXFileReference; lastKnownFileType = sourcecode.swift; path = MapKitFrameworkTests.swift; sourceTree = "<group>"; };
		DEF3CA80282683D60050081C /* MapKitFrameworkUITests.xctest */ = {isa = PBXFileReference; explicitFileType = wrapper.cfbundle; includeInIndex = 0; path = MapKitFrameworkUITests.xctest; sourceTree = BUILT_PRODUCTS_DIR; };
		DEF3CA84282683D60050081C /* MapKitFrameworkUITests.swift */ = {isa = PBXFileReference; lastKnownFileType = sourcecode.swift; path = MapKitFrameworkUITests.swift; sourceTree = "<group>"; };
		DEF3CA86282683D60050081C /* MapKitFrameworkUITestsLaunchTests.swift */ = {isa = PBXFileReference; lastKnownFileType = sourcecode.swift; path = MapKitFrameworkUITestsLaunchTests.swift; sourceTree = "<group>"; };
		DEF3CA942826840A0050081C /* MapKit.framework */ = {isa = PBXFileReference; lastKnownFileType = wrapper.framework; name = MapKit.framework; path = System/Library/Frameworks/MapKit.framework; sourceTree = SDKROOT; };
/* End PBXFileReference section */

/* Begin PBXFrameworksBuildPhase section */
		DEF3CA5D282683D50050081C /* Frameworks */ = {
			isa = PBXFrameworksBuildPhase;
			buildActionMask = 2147483647;
			files = (
				DEF3CA952826840A0050081C /* MapKit.framework in Frameworks */,
			);
			runOnlyForDeploymentPostprocessing = 0;
		};
		DEF3CA73282683D60050081C /* Frameworks */ = {
			isa = PBXFrameworksBuildPhase;
			buildActionMask = 2147483647;
			files = (
			);
			runOnlyForDeploymentPostprocessing = 0;
		};
		DEF3CA7D282683D60050081C /* Frameworks */ = {
			isa = PBXFrameworksBuildPhase;
			buildActionMask = 2147483647;
			files = (
			);
			runOnlyForDeploymentPostprocessing = 0;
		};
/* End PBXFrameworksBuildPhase section */

/* Begin PBXGroup section */
		DEF3CA57282683D50050081C = {
			isa = PBXGroup;
			children = (
				DEF3CA62282683D50050081C /* MapKitFramework */,
				DEF3CA79282683D60050081C /* MapKitFrameworkTests */,
				DEF3CA83282683D60050081C /* MapKitFrameworkUITests */,
				DEF3CA61282683D50050081C /* Products */,
				DEF3CA932826840A0050081C /* Frameworks */,
			);
			sourceTree = "<group>";
		};
		DEF3CA61282683D50050081C /* Products */ = {
			isa = PBXGroup;
			children = (
				DEF3CA60282683D50050081C /* MapKitFramework.app */,
				DEF3CA76282683D60050081C /* MapKitFrameworkTests.xctest */,
				DEF3CA80282683D60050081C /* MapKitFrameworkUITests.xctest */,
			);
			name = Products;
			sourceTree = "<group>";
		};
		DEF3CA62282683D50050081C /* MapKitFramework */ = {
			isa = PBXGroup;
			children = (
				DEF3CA63282683D50050081C /* AppDelegate.swift */,
				DEF3CA65282683D50050081C /* SceneDelegate.swift */,
				DEF3CA67282683D50050081C /* ViewController.swift */,
				DEF3CA69282683D50050081C /* Main.storyboard */,
				DEF3CA6C282683D60050081C /* Assets.xcassets */,
				DEF3CA6E282683D60050081C /* LaunchScreen.storyboard */,
				DEF3CA71282683D60050081C /* Info.plist */,
			);
			path = MapKitFramework;
			sourceTree = "<group>";
		};
		DEF3CA79282683D60050081C /* MapKitFrameworkTests */ = {
			isa = PBXGroup;
			children = (
				DEF3CA7A282683D60050081C /* MapKitFrameworkTests.swift */,
			);
			path = MapKitFrameworkTests;
			sourceTree = "<group>";
		};
		DEF3CA83282683D60050081C /* MapKitFrameworkUITests */ = {
			isa = PBXGroup;
			children = (
				DEF3CA84282683D60050081C /* MapKitFrameworkUITests.swift */,
				DEF3CA86282683D60050081C /* MapKitFrameworkUITestsLaunchTests.swift */,
			);
			path = MapKitFrameworkUITests;
			sourceTree = "<group>";
		};
		DEF3CA932826840A0050081C /* Frameworks */ = {
			isa = PBXGroup;
			children = (
				DEF3CA942826840A0050081C /* MapKit.framework */,
			);
			name = Frameworks;
			sourceTree = "<group>";
		};
/* End PBXGroup section */

/* Begin PBXNativeTarget section */
		DEF3CA5F282683D50050081C /* MapKitFramework */ = {
			isa = PBXNativeTarget;
			buildConfigurationList = DEF3CA8A282683D60050081C /* Build configuration list for PBXNativeTarget "MapKitFramework" */;
			buildPhases = (
				DEF3CA5C282683D50050081C /* Sources */,
				DEF3CA5D282683D50050081C /* Frameworks */,
				DEF3CA5E282683D50050081C /* Resources */,
			);
			buildRules = (
			);
			dependencies = (
			);
			name = MapKitFramework;
			productName = MapKitFramework;
			productReference = DEF3CA60282683D50050081C /* MapKitFramework.app */;
			productType = "com.apple.product-type.application";
		};
		DEF3CA75282683D60050081C /* MapKitFrameworkTests */ = {
			isa = PBXNativeTarget;
			buildConfigurationList = DEF3CA8D282683D60050081C /* Build configuration list for PBXNativeTarget "MapKitFrameworkTests" */;
			buildPhases = (
				DEF3CA72282683D60050081C /* Sources */,
				DEF3CA73282683D60050081C /* Frameworks */,
				DEF3CA74282683D60050081C /* Resources */,
			);
			buildRules = (
			);
			dependencies = (
				DEF3CA78282683D60050081C /* PBXTargetDependency */,
			);
			name = MapKitFrameworkTests;
			productName = MapKitFrameworkTests;
			productReference = DEF3CA76282683D60050081C /* MapKitFrameworkTests.xctest */;
			productType = "com.apple.product-type.bundle.unit-test";
		};
		DEF3CA7F282683D60050081C /* MapKitFrameworkUITests */ = {
			isa = PBXNativeTarget;
			buildConfigurationList = DEF3CA90282683D60050081C /* Build configuration list for PBXNativeTarget "MapKitFrameworkUITests" */;
			buildPhases = (
				DEF3CA7C282683D60050081C /* Sources */,
				DEF3CA7D282683D60050081C /* Frameworks */,
				DEF3CA7E282683D60050081C /* Resources */,
			);
			buildRules = (
			);
			dependencies = (
				DEF3CA82282683D60050081C /* PBXTargetDependency */,
			);
			name = MapKitFrameworkUITests;
			productName = MapKitFrameworkUITests;
			productReference = DEF3CA80282683D60050081C /* MapKitFrameworkUITests.xctest */;
			productType = "com.apple.product-type.bundle.ui-testing";
		};
/* End PBXNativeTarget section */

/* Begin PBXProject section */
		DEF3CA58282683D50050081C /* Project object */ = {
			isa = PBXProject;
			attributes = {
				BuildIndependentTargetsInParallel = 1;
				LastSwiftUpdateCheck = 1320;
				LastUpgradeCheck = 1320;
				TargetAttributes = {
					DEF3CA5F282683D50050081C = {
						CreatedOnToolsVersion = 13.2.1;
					};
					DEF3CA75282683D60050081C = {
						CreatedOnToolsVersion = 13.2.1;
						TestTargetID = DEF3CA5F282683D50050081C;
					};
					DEF3CA7F282683D60050081C = {
						CreatedOnToolsVersion = 13.2.1;
						TestTargetID = DEF3CA5F282683D50050081C;
					};
				};
			};
			buildConfigurationList = DEF3CA5B282683D50050081C /* Build configuration list for PBXProject "MapKitFramework" */;
			compatibilityVersion = "Xcode 13.0";
			developmentRegion = en;
			hasScannedForEncodings = 0;
			knownRegions = (
				en,
				Base,
			);
			mainGroup = DEF3CA57282683D50050081C;
			productRefGroup = DEF3CA61282683D50050081C /* Products */;
			projectDirPath = "";
			projectRoot = "";
			targets = (
				DEF3CA5F282683D50050081C /* MapKitFramework */,
				DEF3CA75282683D60050081C /* MapKitFrameworkTests */,
				DEF3CA7F282683D60050081C /* MapKitFrameworkUITests */,
			);
		};
/* End PBXProject section */

/* Begin PBXResourcesBuildPhase section */
		DEF3CA5E282683D50050081C /* Resources */ = {
			isa = PBXResourcesBuildPhase;
			buildActionMask = 2147483647;
			files = (
				DEF3CA70282683D60050081C /* LaunchScreen.storyboard in Resources */,
				DEF3CA6D282683D60050081C /* Assets.xcassets in Resources */,
				DEF3CA6B282683D50050081C /* Main.storyboard in Resources */,
			);
			runOnlyForDeploymentPostprocessing = 0;
		};
		DEF3CA74282683D60050081C /* Resources */ = {
			isa = PBXResourcesBuildPhase;
			buildActionMask = 2147483647;
			files = (
			);
			runOnlyForDeploymentPostprocessing = 0;
		};
		DEF3CA7E282683D60050081C /* Resources */ = {
			isa = PBXResourcesBuildPhase;
			buildActionMask = 2147483647;
			files = (
			);
			runOnlyForDeploymentPostprocessing = 0;
		};
/* End PBXResourcesBuildPhase section */

/* Begin PBXSourcesBuildPhase section */
		DEF3CA5C282683D50050081C /* Sources */ = {
			isa = PBXSourcesBuildPhase;
			buildActionMask = 2147483647;
			files = (
				DEF3CA68282683D50050081C /* ViewController.swift in Sources */,
				DEF3CA64282683D50050081C /* AppDelegate.swift in Sources */,
				DEF3CA66282683D50050081C /* SceneDelegate.swift in Sources */,
			);
			runOnlyForDeploymentPostprocessing = 0;
		};
		DEF3CA72282683D60050081C /* Sources */ = {
			isa = PBXSourcesBuildPhase;
			buildActionMask = 2147483647;
			files = (
				DEF3CA7B282683D60050081C /* MapKitFrameworkTests.swift in Sources */,
			);
			runOnlyForDeploymentPostprocessing = 0;
		};
		DEF3CA7C282683D60050081C /* Sources */ = {
			isa = PBXSourcesBuildPhase;
			buildActionMask = 2147483647;
			files = (
				DEF3CA85282683D60050081C /* MapKitFrameworkUITests.swift in Sources */,
				DEF3CA87282683D60050081C /* MapKitFrameworkUITestsLaunchTests.swift in Sources */,
			);
			runOnlyForDeploymentPostprocessing = 0;
		};
/* End PBXSourcesBuildPhase section */

/* Begin PBXTargetDependency section */
		DEF3CA78282683D60050081C /* PBXTargetDependency */ = {
			isa = PBXTargetDependency;
			target = DEF3CA5F282683D50050081C /* MapKitFramework */;
			targetProxy = DEF3CA77282683D60050081C /* PBXContainerItemProxy */;
		};
		DEF3CA82282683D60050081C /* PBXTargetDependency */ = {
			isa = PBXTargetDependency;
			target = DEF3CA5F282683D50050081C /* MapKitFramework */;
			targetProxy = DEF3CA81282683D60050081C /* PBXContainerItemProxy */;
		};
/* End PBXTargetDependency section */

/* Begin PBXVariantGroup section */
		DEF3CA69282683D50050081C /* Main.storyboard */ = {
			isa = PBXVariantGroup;
			children = (
				DEF3CA6A282683D50050081C /* Base */,
			);
			name = Main.storyboard;
			sourceTree = "<group>";
		};
		DEF3CA6E282683D60050081C /* LaunchScreen.storyboard */ = {
			isa = PBXVariantGroup;
			children = (
				DEF3CA6F282683D60050081C /* Base */,
			);
			name = LaunchScreen.storyboard;
			sourceTree = "<group>";
		};
/* End PBXVariantGroup section */

/* Begin XCBuildConfiguration section */
		DEF3CA88282683D60050081C /* Debug */ = {
			isa = XCBuildConfiguration;
			buildSettings = {
				ALWAYS_SEARCH_USER_PATHS = NO;
				CLANG_ANALYZER_NONNULL = YES;
				CLANG_ANALYZER_NUMBER_OBJECT_CONVERSION = YES_AGGRESSIVE;
				CLANG_CXX_LANGUAGE_STANDARD = "gnu++17";
				CLANG_CXX_LIBRARY = "libc++";
				CLANG_ENABLE_MODULES = YES;
				CLANG_ENABLE_OBJC_ARC = YES;
				CLANG_ENABLE_OBJC_WEAK = YES;
				CLANG_WARN_BLOCK_CAPTURE_AUTORELEASING = YES;
				CLANG_WARN_BOOL_CONVERSION = YES;
				CLANG_WARN_COMMA = YES;
				CLANG_WARN_CONSTANT_CONVERSION = YES;
				CLANG_WARN_DEPRECATED_OBJC_IMPLEMENTATIONS = YES;
				CLANG_WARN_DIRECT_OBJC_ISA_USAGE = YES_ERROR;
				CLANG_WARN_DOCUMENTATION_COMMENTS = YES;
				CLANG_WARN_EMPTY_BODY = YES;
				CLANG_WARN_ENUM_CONVERSION = YES;
				CLANG_WARN_INFINITE_RECURSION = YES;
				CLANG_WARN_INT_CONVERSION = YES;
				CLANG_WARN_NON_LITERAL_NULL_CONVERSION = YES;
				CLANG_WARN_OBJC_IMPLICIT_RETAIN_SELF = YES;
				CLANG_WARN_OBJC_LITERAL_CONVERSION = YES;
				CLANG_WARN_OBJC_ROOT_CLASS = YES_ERROR;
				CLANG_WARN_QUOTED_INCLUDE_IN_FRAMEWORK_HEADER = YES;
				CLANG_WARN_RANGE_LOOP_ANALYSIS = YES;
				CLANG_WARN_STRICT_PROTOTYPES = YES;
				CLANG_WARN_SUSPICIOUS_MOVE = YES;
				CLANG_WARN_UNGUARDED_AVAILABILITY = YES_AGGRESSIVE;
				CLANG_WARN_UNREACHABLE_CODE = YES;
				CLANG_WARN__DUPLICATE_METHOD_MATCH = YES;
				COPY_PHASE_STRIP = NO;
				DEBUG_INFORMATION_FORMAT = dwarf;
				ENABLE_STRICT_OBJC_MSGSEND = YES;
				ENABLE_TESTABILITY = YES;
				GCC_C_LANGUAGE_STANDARD = gnu11;
				GCC_DYNAMIC_NO_PIC = NO;
				GCC_NO_COMMON_BLOCKS = YES;
				GCC_OPTIMIZATION_LEVEL = 0;
				GCC_PREPROCESSOR_DEFINITIONS = (
					"DEBUG=1",
					"$(inherited)",
				);
				GCC_WARN_64_TO_32_BIT_CONVERSION = YES;
				GCC_WARN_ABOUT_RETURN_TYPE = YES_ERROR;
				GCC_WARN_UNDECLARED_SELECTOR = YES;
				GCC_WARN_UNINITIALIZED_AUTOS = YES_AGGRESSIVE;
				GCC_WARN_UNUSED_FUNCTION = YES;
				GCC_WARN_UNUSED_VARIABLE = YES;
				IPHONEOS_DEPLOYMENT_TARGET = 15.2;
				MTL_ENABLE_DEBUG_INFO = INCLUDE_SOURCE;
				MTL_FAST_MATH = YES;
				ONLY_ACTIVE_ARCH = YES;
				SDKROOT = iphoneos;
				SWIFT_ACTIVE_COMPILATION_CONDITIONS = DEBUG;
				SWIFT_OPTIMIZATION_LEVEL = "-Onone";
			};
			name = Debug;
		};
		DEF3CA89282683D60050081C /* Release */ = {
			isa = XCBuildConfiguration;
			buildSettings = {
				ALWAYS_SEARCH_USER_PATHS = NO;
				CLANG_ANALYZER_NONNULL = YES;
				CLANG_ANALYZER_NUMBER_OBJECT_CONVERSION = YES_AGGRESSIVE;
				CLANG_CXX_LANGUAGE_STANDARD = "gnu++17";
				CLANG_CXX_LIBRARY = "libc++";
				CLANG_ENABLE_MODULES = YES;
				CLANG_ENABLE_OBJC_ARC = YES;
				CLANG_ENABLE_OBJC_WEAK = YES;
				CLANG_WARN_BLOCK_CAPTURE_AUTORELEASING = YES;
				CLANG_WARN_BOOL_CONVERSION = YES;
				CLANG_WARN_COMMA = YES;
				CLANG_WARN_CONSTANT_CONVERSION = YES;
				CLANG_WARN_DEPRECATED_OBJC_IMPLEMENTATIONS = YES;
				CLANG_WARN_DIRECT_OBJC_ISA_USAGE = YES_ERROR;
				CLANG_WARN_DOCUMENTATION_COMMENTS = YES;
				CLANG_WARN_EMPTY_BODY = YES;
				CLANG_WARN_ENUM_CONVERSION = YES;
				CLANG_WARN_INFINITE_RECURSION = YES;
				CLANG_WARN_INT_CONVERSION = YES;
				CLANG_WARN_NON_LITERAL_NULL_CONVERSION = YES;
				CLANG_WARN_OBJC_IMPLICIT_RETAIN_SELF = YES;
				CLANG_WARN_OBJC_LITERAL_CONVERSION = YES;
				CLANG_WARN_OBJC_ROOT_CLASS = YES_ERROR;
				CLANG_WARN_QUOTED_INCLUDE_IN_FRAMEWORK_HEADER = YES;
				CLANG_WARN_RANGE_LOOP_ANALYSIS = YES;
				CLANG_WARN_STRICT_PROTOTYPES = YES;
				CLANG_WARN_SUSPICIOUS_MOVE = YES;
				CLANG_WARN_UNGUARDED_AVAILABILITY = YES_AGGRESSIVE;
				CLANG_WARN_UNREACHABLE_CODE = YES;
				CLANG_WARN__DUPLICATE_METHOD_MATCH = YES;
				COPY_PHASE_STRIP = NO;
				DEBUG_INFORMATION_FORMAT = "dwarf-with-dsym";
				ENABLE_NS_ASSERTIONS = NO;
				ENABLE_STRICT_OBJC_MSGSEND = YES;
				GCC_C_LANGUAGE_STANDARD = gnu11;
				GCC_NO_COMMON_BLOCKS = YES;
				GCC_WARN_64_TO_32_BIT_CONVERSION = YES;
				GCC_WARN_ABOUT_RETURN_TYPE = YES_ERROR;
				GCC_WARN_UNDECLARED_SELECTOR = YES;
				GCC_WARN_UNINITIALIZED_AUTOS = YES_AGGRESSIVE;
				GCC_WARN_UNUSED_FUNCTION = YES;
				GCC_WARN_UNUSED_VARIABLE = YES;
				IPHONEOS_DEPLOYMENT_TARGET = 15.2;
				MTL_ENABLE_DEBUG_INFO = NO;
				MTL_FAST_MATH = YES;
				SDKROOT = iphoneos;
				SWIFT_COMPILATION_MODE = wholemodule;
				SWIFT_OPTIMIZATION_LEVEL = "-O";
				VALIDATE_PRODUCT = YES;
			};
			name = Release;
		};
		DEF3CA8B282683D60050081C /* Debug */ = {
			isa = XCBuildConfiguration;
			buildSettings = {
				ASSETCATALOG_COMPILER_APPICON_NAME = AppIcon;
				ASSETCATALOG_COMPILER_GLOBAL_ACCENT_COLOR_NAME = AccentColor;
				CODE_SIGN_STYLE = Automatic;
				CURRENT_PROJECT_VERSION = 1;
				DEVELOPMENT_TEAM = 7CRNJ953YN;
				GENERATE_INFOPLIST_FILE = YES;
				INFOPLIST_FILE = MapKitFramework/Info.plist;
				INFOPLIST_KEY_UIApplicationSupportsIndirectInputEvents = YES;
				INFOPLIST_KEY_UILaunchStoryboardName = LaunchScreen;
				INFOPLIST_KEY_UIMainStoryboardFile = Main;
				INFOPLIST_KEY_UISupportedInterfaceOrientations_iPad = "UIInterfaceOrientationPortrait UIInterfaceOrientationPortraitUpsideDown UIInterfaceOrientationLandscapeLeft UIInterfaceOrientationLandscapeRight";
				INFOPLIST_KEY_UISupportedInterfaceOrientations_iPhone = "UIInterfaceOrientationPortrait UIInterfaceOrientationLandscapeLeft UIInterfaceOrientationLandscapeRight";
				LD_RUNPATH_SEARCH_PATHS = (
					"$(inherited)",
					"@executable_path/Frameworks",
				);
				MARKETING_VERSION = 1.0;
				PRODUCT_BUNDLE_IDENTIFIER = com.omerKilicaslan.MapKitFramework;
				PRODUCT_NAME = "$(TARGET_NAME)";
				SWIFT_EMIT_LOC_STRINGS = YES;
				SWIFT_VERSION = 5.0;
				TARGETED_DEVICE_FAMILY = "1,2";
			};
			name = Debug;
		};
		DEF3CA8C282683D60050081C /* Release */ = {
			isa = XCBuildConfiguration;
			buildSettings = {
				ASSETCATALOG_COMPILER_APPICON_NAME = AppIcon;
				ASSETCATALOG_COMPILER_GLOBAL_ACCENT_COLOR_NAME = AccentColor;
				CODE_SIGN_STYLE = Automatic;
				CURRENT_PROJECT_VERSION = 1;
				DEVELOPMENT_TEAM = 7CRNJ953YN;
				GENERATE_INFOPLIST_FILE = YES;
				INFOPLIST_FILE = MapKitFramework/Info.plist;
				INFOPLIST_KEY_UIApplicationSupportsIndirectInputEvents = YES;
				INFOPLIST_KEY_UILaunchStoryboardName = LaunchScreen;
				INFOPLIST_KEY_UIMainStoryboardFile = Main;
				INFOPLIST_KEY_UISupportedInterfaceOrientations_iPad = "UIInterfaceOrientationPortrait UIInterfaceOrientationPortraitUpsideDown UIInterfaceOrientationLandscapeLeft UIInterfaceOrientationLandscapeRight";
				INFOPLIST_KEY_UISupportedInterfaceOrientations_iPhone = "UIInterfaceOrientationPortrait UIInterfaceOrientationLandscapeLeft UIInterfaceOrientationLandscapeRight";
				LD_RUNPATH_SEARCH_PATHS = (
					"$(inherited)",
					"@executable_path/Frameworks",
				);
				MARKETING_VERSION = 1.0;
				PRODUCT_BUNDLE_IDENTIFIER = com.omerKilicaslan.MapKitFramework;
				PRODUCT_NAME = "$(TARGET_NAME)";
				SWIFT_EMIT_LOC_STRINGS = YES;
				SWIFT_VERSION = 5.0;
				TARGETED_DEVICE_FAMILY = "1,2";
			};
			name = Release;
		};
		DEF3CA8E282683D60050081C /* Debug */ = {
			isa = XCBuildConfiguration;
			buildSettings = {
				ALWAYS_EMBED_SWIFT_STANDARD_LIBRARIES = YES;
				BUNDLE_LOADER = "$(TEST_HOST)";
				CODE_SIGN_STYLE = Automatic;
				CURRENT_PROJECT_VERSION = 1;
				DEVELOPMENT_TEAM = 7CRNJ953YN;
				GENERATE_INFOPLIST_FILE = YES;
				IPHONEOS_DEPLOYMENT_TARGET = 15.2;
				MARKETING_VERSION = 1.0;
				PRODUCT_BUNDLE_IDENTIFIER = com.omerKilicaslan.MapKitFrameworkTests;
				PRODUCT_NAME = "$(TARGET_NAME)";
				SWIFT_EMIT_LOC_STRINGS = NO;
				SWIFT_VERSION = 5.0;
				TARGETED_DEVICE_FAMILY = "1,2";
				TEST_HOST = "$(BUILT_PRODUCTS_DIR)/MapKitFramework.app/MapKitFramework";
			};
			name = Debug;
		};
		DEF3CA8F282683D60050081C /* Release */ = {
			isa = XCBuildConfiguration;
			buildSettings = {
				ALWAYS_EMBED_SWIFT_STANDARD_LIBRARIES = YES;
				BUNDLE_LOADER = "$(TEST_HOST)";
				CODE_SIGN_STYLE = Automatic;
				CURRENT_PROJECT_VERSION = 1;
				DEVELOPMENT_TEAM = 7CRNJ953YN;
				GENERATE_INFOPLIST_FILE = YES;
				IPHONEOS_DEPLOYMENT_TARGET = 15.2;
				MARKETING_VERSION = 1.0;
				PRODUCT_BUNDLE_IDENTIFIER = com.omerKilicaslan.MapKitFrameworkTests;
				PRODUCT_NAME = "$(TARGET_NAME)";
				SWIFT_EMIT_LOC_STRINGS = NO;
				SWIFT_VERSION = 5.0;
				TARGETED_DEVICE_FAMILY = "1,2";
				TEST_HOST = "$(BUILT_PRODUCTS_DIR)/MapKitFramework.app/MapKitFramework";
			};
			name = Release;
		};
		DEF3CA91282683D60050081C /* Debug */ = {
			isa = XCBuildConfiguration;
			buildSettings = {
				ALWAYS_EMBED_SWIFT_STANDARD_LIBRARIES = YES;
				CODE_SIGN_STYLE = Automatic;
				CURRENT_PROJECT_VERSION = 1;
				DEVELOPMENT_TEAM = 7CRNJ953YN;
				GENERATE_INFOPLIST_FILE = YES;
				MARKETING_VERSION = 1.0;
				PRODUCT_BUNDLE_IDENTIFIER = com.omerKilicaslan.MapKitFrameworkUITests;
				PRODUCT_NAME = "$(TARGET_NAME)";
				SWIFT_EMIT_LOC_STRINGS = NO;
				SWIFT_VERSION = 5.0;
				TARGETED_DEVICE_FAMILY = "1,2";
				TEST_TARGET_NAME = MapKitFramework;
			};
			name = Debug;
		};
		DEF3CA92282683D60050081C /* Release */ = {
			isa = XCBuildConfiguration;
			buildSettings = {
				ALWAYS_EMBED_SWIFT_STANDARD_LIBRARIES = YES;
				CODE_SIGN_STYLE = Automatic;
				CURRENT_PROJECT_VERSION = 1;
				DEVELOPMENT_TEAM = 7CRNJ953YN;
				GENERATE_INFOPLIST_FILE = YES;
				MARKETING_VERSION = 1.0;
				PRODUCT_BUNDLE_IDENTIFIER = com.omerKilicaslan.MapKitFrameworkUITests;
				PRODUCT_NAME = "$(TARGET_NAME)";
				SWIFT_EMIT_LOC_STRINGS = NO;
				SWIFT_VERSION = 5.0;
				TARGETED_DEVICE_FAMILY = "1,2";
				TEST_TARGET_NAME = MapKitFramework;
			};
			name = Release;
		};
/* End XCBuildConfiguration section */

/* Begin XCConfigurationList section */
		DEF3CA5B282683D50050081C /* Build configuration list for PBXProject "MapKitFramework" */ = {
			isa = XCConfigurationList;
			buildConfigurations = (
				DEF3CA88282683D60050081C /* Debug */,
				DEF3CA89282683D60050081C /* Release */,
			);
			defaultConfigurationIsVisible = 0;
			defaultConfigurationName = Release;
		};
		DEF3CA8A282683D60050081C /* Build configuration list for PBXNativeTarget "MapKitFramework" */ = {
			isa = XCConfigurationList;
			buildConfigurations = (
				DEF3CA8B282683D60050081C /* Debug */,
				DEF3CA8C282683D60050081C /* Release */,
			);
			defaultConfigurationIsVisible = 0;
			defaultConfigurationName = Release;
		};
		DEF3CA8D282683D60050081C /* Build configuration list for PBXNativeTarget "MapKitFrameworkTests" */ = {
			isa = XCConfigurationList;
			buildConfigurations = (
				DEF3CA8E282683D60050081C /* Debug */,
				DEF3CA8F282683D60050081C /* Release */,
			);
			defaultConfigurationIsVisible = 0;
			defaultConfigurationName = Release;
		};
		DEF3CA90282683D60050081C /* Build configuration list for PBXNativeTarget "MapKitFrameworkUITests" */ = {
			isa = XCConfigurationList;
			buildConfigurations = (
				DEF3CA91282683D60050081C /* Debug */,
				DEF3CA92282683D60050081C /* Release */,
			);
			defaultConfigurationIsVisible = 0;
			defaultConfigurationName = Release;
		};
/* End XCConfigurationList section */
	};
	rootObject = DEF3CA58282683D50050081C /* Project object */;
}
